
Microsoft Visual Studio Solution File, Format Version 12.00
# Visual Studio 15
VisualStudioVersion = 15.0.28307.1705
MinimumVisualStudioVersion = 10.0.40219.1
Project("{FAE04EC0-301F-11D3-BF4B-00C04F79EFBC}") = "Project", "Project\Project.csproj", "{50DDD777-D103-48DD-8B2B-1BE23C5A042C}"
EndProject
Global
	GlobalSection(SolutionConfigurationPlatforms) = preSolution
		Debug|Any CPU = Debug|Any CPU
		Release|Any CPU = Release|Any CPU
	EndGlobalSection
	GlobalSection(ProjectConfigurationPlatforms) = postSolution
		{50DDD777-D103-48DD-8B2B-1BE23C5A042C}.Debug|Any CPU.ActiveCfg = Debug|Any CPU
		{50DDD777-D103-48DD-8B2B-1BE23C5A042C}.Debug|Any CPU.Build.0 = Debug|Any CPU
		{50DDD777-D103-48DD-8B2B-1BE23C5A042C}.Release|Any CPU.ActiveCfg = Release|Any CPU
		{50DDD777-D103-48DD-8B2B-1BE23C5A042C}.Release|Any CPU.Build.0 = Release|Any CPU
	EndGlobalSection
	GlobalSection(SolutionProperties) = preSolution
		HideSolutionNode = FALSE
	EndGlobalSection
	GlobalSection(ExtensibilityGlobals) = postSolution
		SolutionGuid = {B5136791-89AF-4B84-B57A-E07B7750033E}
	EndGlobalSection
EndGlobal
